
Microsoft Visual Studio Solution File, Format Version 12.00
# Visual Studio Version 17
VisualStudioVersion = 17.0.31903.59
MinimumVisualStudioVersion = 10.0.40219.1
Project("{8BC9CEB8-8B4A-11D0-8D11-00A0C91BC942}") = "Archer Battleye", "Archer Battleye\Archer Battleye.vcxproj", "{A816BAC1-9AE2-4F1D-B017-7DD2AFEC7BB0}"
EndProject
Project("{8BC9CEB8-8B4A-11D0-8D11-00A0C91BC942}") = "Archer CreateProcess Steam", "Archer CreateProcess Steam\Archer CreateProcess Steam.vcxproj", "{82872379-95A0-4E4E-9247-F98A43744826}"
EndProject
Project("{8BC9CEB8-8B4A-11D0-8D11-00A0C91BC942}") = "Archer Server Linux", "Archer Server Linux\Archer Server Linux.vcxproj", "{F91CB356-E081-435A-825F-4F0573F528E8}"
EndProject
Project("{8BC9CEB8-8B4A-11D0-8D11-00A0C91BC942}") = "Archer Loader", "Archer Loader\Archer Loader.vcxproj", "{FAA57342-7056-486E-8E3F-48AFFA0FDD61}"
EndProject
Project("{8BC9CEB8-8B4A-11D0-8D11-00A0C91BC942}") = "Archer Client", "Archer Client\Archer Client.vcxproj", "{2B016D03-78B2-4921-9A21-4BD91FFC9349}"
EndProject
Project("{8BC9CEB8-8B4A-11D0-8D11-00A0C91BC942}") = "Archer CreateProcess", "Archer CreateProcess\Archer CreateProcess.vcxproj", "{69214767-4FFE-4690-B5CF-7E4B0739611F}"
EndProject
Project("{8BC9CEB8-8B4A-11D0-8D11-00A0C91BC942}") = "Archer Client Admin", "Archer Client Admin\Archer Client Admin.vcxproj", "{1EDFE2D3-C669-4A9B-962C-ECBE73FEFA3B}"
EndProject
Global
	GlobalSection(SolutionConfigurationPlatforms) = preSolution
		Debug|ARM = Debug|ARM
		Debug|ARM64 = Debug|ARM64
		Debug|x64 = Debug|x64
		Debug|x86 = Debug|x86
		Release|ARM = Release|ARM
		Release|ARM64 = Release|ARM64
		Release|x64 = Release|x64
		Release|x86 = Release|x86
	EndGlobalSection
	GlobalSection(ProjectConfigurationPlatforms) = postSolution
		{A816BAC1-9AE2-4F1D-B017-7DD2AFEC7BB0}.Debug|ARM.ActiveCfg = Debug|Win32
		{A816BAC1-9AE2-4F1D-B017-7DD2AFEC7BB0}.Debug|ARM64.ActiveCfg = Debug|Win32
		{A816BAC1-9AE2-4F1D-B017-7DD2AFEC7BB0}.Debug|x64.ActiveCfg = Debug|x64
		{A816BAC1-9AE2-4F1D-B017-7DD2AFEC7BB0}.Debug|x64.Build.0 = Debug|x64
		{A816BAC1-9AE2-4F1D-B017-7DD2AFEC7BB0}.Debug|x86.ActiveCfg = Debug|Win32
		{A816BAC1-9AE2-4F1D-B017-7DD2AFEC7BB0}.Debug|x86.Build.0 = Debug|Win32
		{A816BAC1-9AE2-4F1D-B017-7DD2AFEC7BB0}.Release|ARM.ActiveCfg = Release|Win32
		{A816BAC1-9AE2-4F1D-B017-7DD2AFEC7BB0}.Release|ARM64.ActiveCfg = Release|Win32
		{A816BAC1-9AE2-4F1D-B017-7DD2AFEC7BB0}.Release|x64.ActiveCfg = Release|x64
		{A816BAC1-9AE2-4F1D-B017-7DD2AFEC7BB0}.Release|x64.Build.0 = Release|x64
		{A816BAC1-9AE2-4F1D-B017-7DD2AFEC7BB0}.Release|x86.ActiveCfg = Release|Win32
		{A816BAC1-9AE2-4F1D-B017-7DD2AFEC7BB0}.Release|x86.Build.0 = Release|Win32
		{82872379-95A0-4E4E-9247-F98A43744826}.Debug|ARM.ActiveCfg = Debug|Win32
		{82872379-95A0-4E4E-9247-F98A43744826}.Debug|ARM64.ActiveCfg = Debug|Win32
		{82872379-95A0-4E4E-9247-F98A43744826}.Debug|x64.ActiveCfg = Debug|x64
		{82872379-95A0-4E4E-9247-F98A43744826}.Debug|x64.Build.0 = Debug|x64
		{82872379-95A0-4E4E-9247-F98A43744826}.Debug|x86.ActiveCfg = Debug|Win32
		{82872379-95A0-4E4E-9247-F98A43744826}.Debug|x86.Build.0 = Debug|Win32
		{82872379-95A0-4E4E-9247-F98A43744826}.Release|ARM.ActiveCfg = Release|Win32
		{82872379-95A0-4E4E-9247-F98A43744826}.Release|ARM64.ActiveCfg = Release|Win32
		{82872379-95A0-4E4E-9247-F98A43744826}.Release|x64.ActiveCfg = Release|x64
		{82872379-95A0-4E4E-9247-F98A43744826}.Release|x64.Build.0 = Release|x64
		{82872379-95A0-4E4E-9247-F98A43744826}.Release|x86.ActiveCfg = Release|Win32
		{82872379-95A0-4E4E-9247-F98A43744826}.Release|x86.Build.0 = Release|Win32
		{F91CB356-E081-435A-825F-4F0573F528E8}.Debug|ARM.ActiveCfg = Debug|ARM
		{F91CB356-E081-435A-825F-4F0573F528E8}.Debug|ARM.Build.0 = Debug|ARM
		{F91CB356-E081-435A-825F-4F0573F528E8}.Debug|ARM.Deploy.0 = Debug|ARM
		{F91CB356-E081-435A-825F-4F0573F528E8}.Debug|ARM64.ActiveCfg = Debug|ARM64
		{F91CB356-E081-435A-825F-4F0573F528E8}.Debug|ARM64.Build.0 = Debug|ARM64
		{F91CB356-E081-435A-825F-4F0573F528E8}.Debug|ARM64.Deploy.0 = Debug|ARM64
		{F91CB356-E081-435A-825F-4F0573F528E8}.Debug|x64.ActiveCfg = Debug|x64
		{F91CB356-E081-435A-825F-4F0573F528E8}.Debug|x64.Build.0 = Debug|x64
		{F91CB356-E081-435A-825F-4F0573F528E8}.Debug|x64.Deploy.0 = Debug|x64
		{F91CB356-E081-435A-825F-4F0573F528E8}.Debug|x86.ActiveCfg = Debug|x86
		{F91CB356-E081-435A-825F-4F0573F528E8}.Debug|x86.Build.0 = Debug|x86
		{F91CB356-E081-435A-825F-4F0573F528E8}.Debug|x86.Deploy.0 = Debug|x86
		{F91CB356-E081-435A-825F-4F0573F528E8}.Release|ARM.ActiveCfg = Release|ARM
		{F91CB356-E081-435A-825F-4F0573F528E8}.Release|ARM.Build.0 = Release|ARM
		{F91CB356-E081-435A-825F-4F0573F528E8}.Release|ARM.Deploy.0 = Release|ARM
		{F91CB356-E081-435A-825F-4F0573F528E8}.Release|ARM64.ActiveCfg = Release|ARM64
		{F91CB356-E081-435A-825F-4F0573F528E8}.Release|ARM64.Build.0 = Release|ARM64
		{F91CB356-E081-435A-825F-4F0573F528E8}.Release|ARM64.Deploy.0 = Release|ARM64
		{F91CB356-E081-435A-825F-4F0573F528E8}.Release|x64.ActiveCfg = Release|x64
		{F91CB356-E081-435A-825F-4F0573F528E8}.Release|x64.Build.0 = Release|x64
		{F91CB356-E081-435A-825F-4F0573F528E8}.Release|x64.Deploy.0 = Release|x64
		{F91CB356-E081-435A-825F-4F0573F528E8}.Release|x86.ActiveCfg = Release|x86
		{F91CB356-E081-435A-825F-4F0573F528E8}.Release|x86.Build.0 = Release|x86
		{F91CB356-E081-435A-825F-4F0573F528E8}.Release|x86.Deploy.0 = Release|x86
		{FAA57342-7056-486E-8E3F-48AFFA0FDD61}.Debug|ARM.ActiveCfg = Debug|x64
		{FAA57342-7056-486E-8E3F-48AFFA0FDD61}.Debug|ARM.Build.0 = Debug|x64
		{FAA57342-7056-486E-8E3F-48AFFA0FDD61}.Debug|ARM64.ActiveCfg = Debug|x64
		{FAA57342-7056-486E-8E3F-48AFFA0FDD61}.Debug|ARM64.Build.0 = Debug|x64
		{FAA57342-7056-486E-8E3F-48AFFA0FDD61}.Debug|x64.ActiveCfg = Debug|x64
		{FAA57342-7056-486E-8E3F-48AFFA0FDD61}.Debug|x64.Build.0 = Debug|x64
		{FAA57342-7056-486E-8E3F-48AFFA0FDD61}.Debug|x86.ActiveCfg = Debug|Win32
		{FAA57342-7056-486E-8E3F-48AFFA0FDD61}.Debug|x86.Build.0 = Debug|Win32
		{FAA57342-7056-486E-8E3F-48AFFA0FDD61}.Release|ARM.ActiveCfg = Release|x64
		{FAA57342-7056-486E-8E3F-48AFFA0FDD61}.Release|ARM.Build.0 = Release|x64
		{FAA57342-7056-486E-8E3F-48AFFA0FDD61}.Release|ARM64.ActiveCfg = Release|x64
		{FAA57342-7056-486E-8E3F-48AFFA0FDD61}.Release|ARM64.Build.0 = Release|x64
		{FAA57342-7056-486E-8E3F-48AFFA0FDD61}.Release|x64.ActiveCfg = Release|x64
		{FAA57342-7056-486E-8E3F-48AFFA0FDD61}.Release|x64.Build.0 = Release|x64
		{FAA57342-7056-486E-8E3F-48AFFA0FDD61}.Release|x86.ActiveCfg = Release|Win32
		{FAA57342-7056-486E-8E3F-48AFFA0FDD61}.Release|x86.Build.0 = Release|Win32
		{2B016D03-78B2-4921-9A21-4BD91FFC9349}.Debug|ARM.ActiveCfg = Debug|x64
		{2B016D03-78B2-4921-9A21-4BD91FFC9349}.Debug|ARM.Build.0 = Debug|x64
		{2B016D03-78B2-4921-9A21-4BD91FFC9349}.Debug|ARM64.ActiveCfg = Debug|x64
		{2B016D03-78B2-4921-9A21-4BD91FFC9349}.Debug|ARM64.Build.0 = Debug|x64
		{2B016D03-78B2-4921-9A21-4BD91FFC9349}.Debug|x64.ActiveCfg = Debug|x64
		{2B016D03-78B2-4921-9A21-4BD91FFC9349}.Debug|x64.Build.0 = Debug|x64
		{2B016D03-78B2-4921-9A21-4BD91FFC9349}.Debug|x86.ActiveCfg = Debug|Win32
		{2B016D03-78B2-4921-9A21-4BD91FFC9349}.Debug|x86.Build.0 = Debug|Win32
		{2B016D03-78B2-4921-9A21-4BD91FFC9349}.Release|ARM.ActiveCfg = Release|x64
		{2B016D03-78B2-4921-9A21-4BD91FFC9349}.Release|ARM.Build.0 = Release|x64
		{2B016D03-78B2-4921-9A21-4BD91FFC9349}.Release|ARM64.ActiveCfg = Release|x64
		{2B016D03-78B2-4921-9A21-4BD91FFC9349}.Release|ARM64.Build.0 = Release|x64
		{2B016D03-78B2-4921-9A21-4BD91FFC9349}.Release|x64.ActiveCfg = Release|x64
		{2B016D03-78B2-4921-9A21-4BD91FFC9349}.Release|x64.Build.0 = Release|x64
		{2B016D03-78B2-4921-9A21-4BD91FFC9349}.Release|x86.ActiveCfg = Release|Win32
		{2B016D03-78B2-4921-9A21-4BD91FFC9349}.Release|x86.Build.0 = Release|Win32
		{69214767-4FFE-4690-B5CF-7E4B0739611F}.Debug|ARM.ActiveCfg = Debug|x64
		{69214767-4FFE-4690-B5CF-7E4B0739611F}.Debug|ARM.Build.0 = Debug|x64
		{69214767-4FFE-4690-B5CF-7E4B0739611F}.Debug|ARM64.ActiveCfg = Debug|x64
		{69214767-4FFE-4690-B5CF-7E4B0739611F}.Debug|ARM64.Build.0 = Debug|x64
		{69214767-4FFE-4690-B5CF-7E4B0739611F}.Debug|x64.ActiveCfg = Debug|x64
		{69214767-4FFE-4690-B5CF-7E4B0739611F}.Debug|x64.Build.0 = Debug|x64
		{69214767-4FFE-4690-B5CF-7E4B0739611F}.Debug|x86.ActiveCfg = Debug|Win32
		{69214767-4FFE-4690-B5CF-7E4B0739611F}.Debug|x86.Build.0 = Debug|Win32
		{69214767-4FFE-4690-B5CF-7E4B0739611F}.Release|ARM.ActiveCfg = Release|x64
		{69214767-4FFE-4690-B5CF-7E4B0739611F}.Release|ARM.Build.0 = Release|x64
		{69214767-4FFE-4690-B5CF-7E4B0739611F}.Release|ARM64.ActiveCfg = Release|x64
		{69214767-4FFE-4690-B5CF-7E4B0739611F}.Release|ARM64.Build.0 = Release|x64
		{69214767-4FFE-4690-B5CF-7E4B0739611F}.Release|x64.ActiveCfg = Release|x64
		{69214767-4FFE-4690-B5CF-7E4B0739611F}.Release|x64.Build.0 = Release|x64
		{69214767-4FFE-4690-B5CF-7E4B0739611F}.Release|x86.ActiveCfg = Release|Win32
		{69214767-4FFE-4690-B5CF-7E4B0739611F}.Release|x86.Build.0 = Release|Win32
		{1EDFE2D3-C669-4A9B-962C-ECBE73FEFA3B}.Debug|ARM.ActiveCfg = Debug|x64
		{1EDFE2D3-C669-4A9B-962C-ECBE73FEFA3B}.Debug|ARM.Build.0 = Debug|x64
		{1EDFE2D3-C669-4A9B-962C-ECBE73FEFA3B}.Debug|ARM64.ActiveCfg = Debug|x64
		{1EDFE2D3-C669-4A9B-962C-ECBE73FEFA3B}.Debug|ARM64.Build.0 = Debug|x64
		{1EDFE2D3-C669-4A9B-962C-ECBE73FEFA3B}.Debug|x64.ActiveCfg = Debug|x64
		{1EDFE2D3-C669-4A9B-962C-ECBE73FEFA3B}.Debug|x64.Build.0 = Debug|x64
		{1EDFE2D3-C669-4A9B-962C-ECBE73FEFA3B}.Debug|x86.ActiveCfg = Debug|Win32
		{1EDFE2D3-C669-4A9B-962C-ECBE73FEFA3B}.Debug|x86.Build.0 = Debug|Win32
		{1EDFE2D3-C669-4A9B-962C-ECBE73FEFA3B}.Release|ARM.ActiveCfg = Release|x64
		{1EDFE2D3-C669-4A9B-962C-ECBE73FEFA3B}.Release|ARM.Build.0 = Release|x64
		{1EDFE2D3-C669-4A9B-962C-ECBE73FEFA3B}.Release|ARM64.ActiveCfg = Release|x64
		{1EDFE2D3-C669-4A9B-962C-ECBE73FEFA3B}.Release|ARM64.Build.0 = Release|x64
		{1EDFE2D3-C669-4A9B-962C-ECBE73FEFA3B}.Release|x64.ActiveCfg = Release|x64
		{1EDFE2D3-C669-4A9B-962C-ECBE73FEFA3B}.Release|x64.Build.0 = Release|x64
		{1EDFE2D3-C669-4A9B-962C-ECBE73FEFA3B}.Release|x86.ActiveCfg = Release|Win32
		{1EDFE2D3-C669-4A9B-962C-ECBE73FEFA3B}.Release|x86.Build.0 = Release|Win32
	EndGlobalSection
	GlobalSection(SolutionProperties) = preSolution
		HideSolutionNode = FALSE
	EndGlobalSection
	GlobalSection(ExtensibilityGlobals) = postSolution
		SolutionGuid = {1920DD08-81C3-45E1-973A-F0206EBD080F}
	EndGlobalSection
EndGlobal
